// !$*UTF8*$!
{
	archiveVersion = 1;
	classes = {
	};
	objectVersion = 60;
	objects = {

/* Begin PBXBuildFile section */
		30CB350E2F8CE6F200699281 /* PersistenceManager.swift in Sources */ = {isa = PBXBuildFile; fileRef = 30CB35092F8CE6F200699281 /* PersistenceManager.swift */; };
		30CB350F2F8CE6F200699281 /* SaveService.swift in Sources */ = {isa = PBXBuildFile; fileRef = 30CB350B2F8CE6F200699281 /* SaveService.swift */; };
		30CB35102F8CE6F200699281 /* AppRouter.swift in Sources */ = {isa = PBXBuildFile; fileRef = 30CB35082F8CE6F200699281 /* AppRouter.swift */; };
		30CB35112F8CE6F200699281 /* PrivacyWebView.swift in Sources */ = {isa = PBXBuildFile; fileRef = 30CB350A2F8CE6F200699281 /* PrivacyWebView.swift */; };
		30CB35122F8CE6F200699281 /* StartMainView.swift in Sources */ = {isa = PBXBuildFile; fileRef = 30CB350C2F8CE6F200699281 /* StartMainView.swift */; };
		746A1ED12F853E2E0076A047 /* Assets.xcassets in Resources */ = {isa = PBXBuildFile; fileRef = 746A1EC72F853E2E0076A047 /* Assets.xcassets */; };
		746A1ED32F853E2E0076A047 /* LaunchScreen.storyboard in Resources */ = {isa = PBXBuildFile; fileRef = 746A1ECB2F853E2E0076A047 /* LaunchScreen.storyboard */; };
		746A1ED42F853E2E0076A047 /* Main.storyboard in Resources */ = {isa = PBXBuildFile; fileRef = 746A1ECD2F853E2E0076A047 /* Main.storyboard */; };
		746A1ED52F853E2E0076A047 /* AchievementCard.swift in Sources */ = {isa = PBXBuildFile; fileRef = 746A1E9D2F853E2E0076A047 /* AchievementCard.swift */; };
		746A1ED62F853E2E0076A047 /* AscentCard.swift in Sources */ = {isa = PBXBuildFile; fileRef = 746A1E9E2F853E2E0076A047 /* AscentCard.swift */; };
		746A1ED72F853E2E0076A047 /* FilterChip.swift in Sources */ = {isa = PBXBuildFile; fileRef = 746A1E9F2F853E2E0076A047 /* FilterChip.swift */; };
		746A1ED82F853E2E0076A047 /* GearRow.swift in Sources */ = {isa = PBXBuildFile; fileRef = 746A1EA02F853E2E0076A047 /* GearRow.swift */; };
		746A1ED92F853E2E0076A047 /* MountainCard.swift in Sources */ = {isa = PBXBuildFile; fileRef = 746A1EA12F853E2E0076A047 /* MountainCard.swift */; };
		746A1EDA2F853E2E0076A047 /* TrainingCard.swift in Sources */ = {isa = PBXBuildFile; fileRef = 746A1EA22F853E2E0076A047 /* TrainingCard.swift */; };
		746A1EDB2F853E2E0076A047 /* Color+Peak.swift in Sources */ = {isa = PBXBuildFile; fileRef = 746A1EA42F853E2E0076A047 /* Color+Peak.swift */; };
		746A1EDC2F853E2E0076A047 /* PeakVisualStyle.swift in Sources */ = {isa = PBXBuildFile; fileRef = 746A1EA52F853E2E0076A047 /* PeakVisualStyle.swift */; };
		746A1EDD2F853E2E0076A047 /* View+PeakForm.swift in Sources */ = {isa = PBXBuildFile; fileRef = 746A1EA62F853E2E0076A047 /* View+PeakForm.swift */; };
		746A1EDE2F853E2E0076A047 /* PeakModels.swift in Sources */ = {isa = PBXBuildFile; fileRef = 746A1EA82F853E2E0076A047 /* PeakModels.swift */; };
		746A1EDF2F853E2E0076A047 /* DateFormatting.swift in Sources */ = {isa = PBXBuildFile; fileRef = 746A1EAA2F853E2E0076A047 /* DateFormatting.swift */; };
		746A1EE02F853E2E0076A047 /* PeakExternalLink.swift in Sources */ = {isa = PBXBuildFile; fileRef = 746A1EAB2F853E2E0076A047 /* PeakExternalLink.swift */; };
		746A1EE12F853E2E0076A047 /* PeakFlowViewModel.swift in Sources */ = {isa = PBXBuildFile; fileRef = 746A1EAD2F853E2E0076A047 /* PeakFlowViewModel.swift */; };
		746A1EE22F853E2E0076A047 /* AchievementsView.swift in Sources */ = {isa = PBXBuildFile; fileRef = 746A1EAF2F853E2E0076A047 /* AchievementsView.swift */; };
		746A1EE32F853E2E0076A047 /* AddAscentView.swift in Sources */ = {isa = PBXBuildFile; fileRef = 746A1EB12F853E2E0076A047 /* AddAscentView.swift */; };
		746A1EE42F853E2E0076A047 /* AscentDetailView.swift in Sources */ = {isa = PBXBuildFile; fileRef = 746A1EB22F853E2E0076A047 /* AscentDetailView.swift */; };
		746A1EE52F853E2E0076A047 /* AddGearView.swift in Sources */ = {isa = PBXBuildFile; fileRef = 746A1EB52F853E2E0076A047 /* AddGearView.swift */; };
		746A1EE62F853E2E0076A047 /* GearView.swift in Sources */ = {isa = PBXBuildFile; fileRef = 746A1EB62F853E2E0076A047 /* GearView.swift */; };
		746A1EE72F853E2E0076A047 /* HomeView.swift in Sources */ = {isa = PBXBuildFile; fileRef = 746A1EB82F853E2E0076A047 /* HomeView.swift */; };
		746A1EE82F853E2E0076A047 /* AddMountainView.swift in Sources */ = {isa = PBXBuildFile; fileRef = 746A1EBA2F853E2E0076A047 /* AddMountainView.swift */; };
		746A1EE92F853E2E0076A047 /* MountainDetailView.swift in Sources */ = {isa = PBXBuildFile; fileRef = 746A1EBB2F853E2E0076A047 /* MountainDetailView.swift */; };
		746A1EEA2F853E2E0076A047 /* MountainsView.swift in Sources */ = {isa = PBXBuildFile; fileRef = 746A1EBC2F853E2E0076A047 /* MountainsView.swift */; };
		746A1EEB2F853E2E0076A047 /* OnboardingView.swift in Sources */ = {isa = PBXBuildFile; fileRef = 746A1EBE2F853E2E0076A047 /* OnboardingView.swift */; };
		746A1EEC2F853E2E0076A047 /* SettingsView.swift in Sources */ = {isa = PBXBuildFile; fileRef = 746A1EC02F853E2E0076A047 /* SettingsView.swift */; };
		746A1EED2F853E2E0076A047 /* AddTrainingView.swift in Sources */ = {isa = PBXBuildFile; fileRef = 746A1EC22F853E2E0076A047 /* AddTrainingView.swift */; };
		746A1EEE2F853E2E0076A047 /* TrainingView.swift in Sources */ = {isa = PBXBuildFile; fileRef = 746A1EC32F853E2E0076A047 /* TrainingView.swift */; };
		746A1EEF2F853E2E0076A047 /* AppDelegate.swift in Sources */ = {isa = PBXBuildFile; fileRef = 746A1EC62F853E2E0076A047 /* AppDelegate.swift */; };
		746A1EF02F853E2E0076A047 /* ContentView.swift in Sources */ = {isa = PBXBuildFile; fileRef = 746A1EC82F853E2E0076A047 /* ContentView.swift */; };
		746A1EF12F853E2E0076A047 /* SceneDelegate.swift in Sources */ = {isa = PBXBuildFile; fileRef = 746A1ECE2F853E2E0076A047 /* SceneDelegate.swift */; };
		746A1EF22F853E2E0076A047 /* ViewController.swift in Sources */ = {isa = PBXBuildFile; fileRef = 746A1ECF2F853E2E0076A047 /* ViewController.swift */; };
/* End PBXBuildFile section */

/* Begin PBXFileReference section */
		30CB35082F8CE6F200699281 /* AppRouter.swift */ = {isa = PBXFileReference; lastKnownFileType = sourcecode.swift; path = AppRouter.swift; sourceTree = "<group>"; };
		30CB35092F8CE6F200699281 /* PersistenceManager.swift */ = {isa = PBXFileReference; lastKnownFileType = sourcecode.swift; path = PersistenceManager.swift; sourceTree = "<group>"; };
		30CB350A2F8CE6F200699281 /* PrivacyWebView.swift */ = {isa = PBXFileReference; lastKnownFileType = sourcecode.swift; path = PrivacyWebView.swift; sourceTree = "<group>"; };
		30CB350B2F8CE6F200699281 /* SaveService.swift */ = {isa = PBXFileReference; lastKnownFileType = sourcecode.swift; path = SaveService.swift; sourceTree = "<group>"; };
		30CB350C2F8CE6F200699281 /* StartMainView.swift */ = {isa = PBXFileReference; lastKnownFileType = sourcecode.swift; path = StartMainView.swift; sourceTree = "<group>"; };
		595FDFC3C42618BAE68BF795 /* Pods-114PeakFlow.release.xcconfig */ = {isa = PBXFileReference; includeInIndex = 1; lastKnownFileType = text.xcconfig; name = "Pods-114PeakFlow.release.xcconfig"; path = "Target Support Files/Pods-114PeakFlow/Pods-114PeakFlow.release.xcconfig"; sourceTree = "<group>"; };
		746A0B072F814E1B0076A047 /* 114PeakFlow.app */ = {isa = PBXFileReference; explicitFileType = wrapper.application; includeInIndex = 0; path = 114PeakFlow.app; sourceTree = BUILT_PRODUCTS_DIR; };
		746A1E9D2F853E2E0076A047 /* AchievementCard.swift */ = {isa = PBXFileReference; lastKnownFileType = sourcecode.swift; path = AchievementCard.swift; sourceTree = "<group>"; };
		746A1E9E2F853E2E0076A047 /* AscentCard.swift */ = {isa = PBXFileReference; lastKnownFileType = sourcecode.swift; path = AscentCard.swift; sourceTree = "<group>"; };
		746A1E9F2F853E2E0076A047 /* FilterChip.swift */ = {isa = PBXFileReference; lastKnownFileType = sourcecode.swift; path = FilterChip.swift; sourceTree = "<group>"; };
		746A1EA02F853E2E0076A047 /* GearRow.swift */ = {isa = PBXFileReference; lastKnownFileType = sourcecode.swift; path = GearRow.swift; sourceTree = "<group>"; };
		746A1EA12F853E2E0076A047 /* MountainCard.swift */ = {isa = PBXFileReference; lastKnownFileType = sourcecode.swift; path = MountainCard.swift; sourceTree = "<group>"; };
		746A1EA22F853E2E0076A047 /* TrainingCard.swift */ = {isa = PBXFileReference; lastKnownFileType = sourcecode.swift; path = TrainingCard.swift; sourceTree = "<group>"; };
		746A1EA42F853E2E0076A047 /* Color+Peak.swift */ = {isa = PBXFileReference; lastKnownFileType = sourcecode.swift; path = "Color+Peak.swift"; sourceTree = "<group>"; };
		746A1EA52F853E2E0076A047 /* PeakVisualStyle.swift */ = {isa = PBXFileReference; lastKnownFileType = sourcecode.swift; path = PeakVisualStyle.swift; sourceTree = "<group>"; };
		746A1EA62F853E2E0076A047 /* View+PeakForm.swift */ = {isa = PBXFileReference; lastKnownFileType = sourcecode.swift; path = "View+PeakForm.swift"; sourceTree = "<group>"; };
		746A1EA82F853E2E0076A047 /* PeakModels.swift */ = {isa = PBXFileReference; lastKnownFileType = sourcecode.swift; path = PeakModels.swift; sourceTree = "<group>"; };
		746A1EAA2F853E2E0076A047 /* DateFormatting.swift */ = {isa = PBXFileReference; lastKnownFileType = sourcecode.swift; path = DateFormatting.swift; sourceTree = "<group>"; };
		746A1EAB2F853E2E0076A047 /* PeakExternalLink.swift */ = {isa = PBXFileReference; lastKnownFileType = sourcecode.swift; path = PeakExternalLink.swift; sourceTree = "<group>"; };
		746A1EAD2F853E2E0076A047 /* PeakFlowViewModel.swift */ = {isa = PBXFileReference; lastKnownFileType = sourcecode.swift; path = PeakFlowViewModel.swift; sourceTree = "<group>"; };
		746A1EAF2F853E2E0076A047 /* AchievementsView.swift */ = {isa = PBXFileReference; lastKnownFileType = sourcecode.swift; path = AchievementsView.swift; sourceTree = "<group>"; };
		746A1EB12F853E2E0076A047 /* AddAscentView.swift */ = {isa = PBXFileReference; lastKnownFileType = sourcecode.swift; path = AddAscentView.swift; sourceTree = "<group>"; };
		746A1EB22F853E2E0076A047 /* AscentDetailView.swift */ = {isa = PBXFileReference; lastKnownFileType = sourcecode.swift; path = AscentDetailView.swift; sourceTree = "<group>"; };
		746A1EB52F853E2E0076A047 /* AddGearView.swift */ = {isa = PBXFileReference; lastKnownFileType = sourcecode.swift; path = AddGearView.swift; sourceTree = "<group>"; };
		746A1EB62F853E2E0076A047 /* GearView.swift */ = {isa = PBXFileReference; lastKnownFileType = sourcecode.swift; path = GearView.swift; sourceTree = "<group>"; };
		746A1EB82F853E2E0076A047 /* HomeView.swift */ = {isa = PBXFileReference; lastKnownFileType = sourcecode.swift; path = HomeView.swift; sourceTree = "<group>"; };
		746A1EBA2F853E2E0076A047 /* AddMountainView.swift */ = {isa = PBXFileReference; lastKnownFileType = sourcecode.swift; path = AddMountainView.swift; sourceTree = "<group>"; };
		746A1EBB2F853E2E0076A047 /* MountainDetailView.swift */ = {isa = PBXFileReference; lastKnownFileType = sourcecode.swift; path = MountainDetailView.swift; sourceTree = "<group>"; };
		746A1EBC2F853E2E0076A047 /* MountainsView.swift */ = {isa = PBXFileReference; lastKnownFileType = sourcecode.swift; path = MountainsView.swift; sourceTree = "<group>"; };
		746A1EBE2F853E2E0076A047 /* OnboardingView.swift */ = {isa = PBXFileReference; lastKnownFileType = sourcecode.swift; path = OnboardingView.swift; sourceTree = "<group>"; };
		746A1EC02F853E2E0076A047 /* SettingsView.swift */ = {isa = PBXFileReference; lastKnownFileType = sourcecode.swift; path = SettingsView.swift; sourceTree = "<group>"; };
		746A1EC22F853E2E0076A047 /* AddTrainingView.swift */ = {isa = PBXFileReference; lastKnownFileType = sourcecode.swift; path = AddTrainingView.swift; sourceTree = "<group>"; };
		746A1EC32F853E2E0076A047 /* TrainingView.swift */ = {isa = PBXFileReference; lastKnownFileType = sourcecode.swift; path = TrainingView.swift; sourceTree = "<group>"; };
		746A1EC62F853E2E0076A047 /* AppDelegate.swift */ = {isa = PBXFileReference; lastKnownFileType = sourcecode.swift; path = AppDelegate.swift; sourceTree = "<group>"; };
		746A1EC72F853E2E0076A047 /* Assets.xcassets */ = {isa = PBXFileReference; lastKnownFileType = folder.assetcatalog; path = Assets.xcassets; sourceTree = "<group>"; };
		746A1EC82F853E2E0076A047 /* ContentView.swift */ = {isa = PBXFileReference; lastKnownFileType = sourcecode.swift; path = ContentView.swift; sourceTree = "<group>"; };
		746A1EC92F853E2E0076A047 /* Info.plist */ = {isa = PBXFileReference; lastKnownFileType = text.plist.xml; path = Info.plist; sourceTree = "<group>"; };
		746A1ECA2F853E2E0076A047 /* Base */ = {isa = PBXFileReference; lastKnownFileType = file.storyboard; name = Base; path = Base.lproj/LaunchScreen.storyboard; sourceTree = "<group>"; };
		746A1ECC2F853E2E0076A047 /* Base */ = {isa = PBXFileReference; lastKnownFileType = file.storyboard; name = Base; path = Base.lproj/Main.storyboard; sourceTree = "<group>"; };
		746A1ECE2F853E2E0076A047 /* SceneDelegate.swift */ = {isa = PBXFileReference; lastKnownFileType = sourcecode.swift; path = SceneDelegate.swift; sourceTree = "<group>"; };
		746A1ECF2F853E2E0076A047 /* ViewController.swift */ = {isa = PBXFileReference; lastKnownFileType = sourcecode.swift; path = ViewController.swift; sourceTree = "<group>"; };
		AFD7C68C43368811573831DF /* Pods-114PeakFlow.debug.xcconfig */ = {isa = PBXFileReference; includeInIndex = 1; lastKnownFileType = text.xcconfig; name = "Pods-114PeakFlow.debug.xcconfig"; path = "Target Support Files/Pods-114PeakFlow/Pods-114PeakFlow.debug.xcconfig"; sourceTree = "<group>"; };
		B4CA381A2B1C543C78C82F9D /* Pods_114PeakFlow.framework */ = {isa = PBXFileReference; explicitFileType = wrapper.framework; includeInIndex = 0; path = Pods_114PeakFlow.framework; sourceTree = BUILT_PRODUCTS_DIR; };
/* End PBXFileReference section */

/* Begin PBXFrameworksBuildPhase section */
		746A0B042F814E1B0076A047 /* Frameworks */ = {
			isa = PBXFrameworksBuildPhase;
			buildActionMask = 2147483647;
			files = (
			);
			runOnlyForDeploymentPostprocessing = 0;
		};
/* End PBXFrameworksBuildPhase section */

/* Begin PBXGroup section */
		21D3EE8E596BC93F7F7BFB60 /* Pods */ = {
			isa = PBXGroup;
			children = (
				AFD7C68C43368811573831DF /* Pods-114PeakFlow.debug.xcconfig */,
				595FDFC3C42618BAE68BF795 /* Pods-114PeakFlow.release.xcconfig */,
			);
			path = Pods;
			sourceTree = "<group>";
		};
		2E2AE16A88C58564CF41D42C /* Frameworks */ = {
			isa = PBXGroup;
			children = (
				B4CA381A2B1C543C78C82F9D /* Pods_114PeakFlow.framework */,
			);
			name = Frameworks;
			sourceTree = "<group>";
		};
		30CB350D2F8CE6F200699281 /* Router */ = {
			isa = PBXGroup;
			children = (
				30CB35082F8CE6F200699281 /* AppRouter.swift */,
				30CB35092F8CE6F200699281 /* PersistenceManager.swift */,
				30CB350A2F8CE6F200699281 /* PrivacyWebView.swift */,
				30CB350B2F8CE6F200699281 /* SaveService.swift */,
				30CB350C2F8CE6F200699281 /* StartMainView.swift */,
			);
			path = Router;
			sourceTree = "<group>";
		};
		746A0AFE2F814E1B0076A047 = {
			isa = PBXGroup;
			children = (
				746A1ED02F853E2E0076A047 /* 114PeakFlow */,
				746A0B082F814E1B0076A047 /* Products */,
				21D3EE8E596BC93F7F7BFB60 /* Pods */,
				2E2AE16A88C58564CF41D42C /* Frameworks */,
			);
			sourceTree = "<group>";
		};
		746A0B082F814E1B0076A047 /* Products */ = {
			isa = PBXGroup;
			children = (
				746A0B072F814E1B0076A047 /* 114PeakFlow.app */,
			);
			name = Products;
			sourceTree = "<group>";
		};
		746A1EA32F853E2E0076A047 /* Components */ = {
			isa = PBXGroup;
			children = (
				746A1E9D2F853E2E0076A047 /* AchievementCard.swift */,
				746A1E9E2F853E2E0076A047 /* AscentCard.swift */,
				746A1E9F2F853E2E0076A047 /* FilterChip.swift */,
				746A1EA02F853E2E0076A047 /* GearRow.swift */,
				746A1EA12F853E2E0076A047 /* MountainCard.swift */,
				746A1EA22F853E2E0076A047 /* TrainingCard.swift */,
			);
			path = Components;
			sourceTree = "<group>";
		};
		746A1EA72F853E2E0076A047 /* Extensions */ = {
			isa = PBXGroup;
			children = (
				746A1EA42F853E2E0076A047 /* Color+Peak.swift */,
				746A1EA52F853E2E0076A047 /* PeakVisualStyle.swift */,
				746A1EA62F853E2E0076A047 /* View+PeakForm.swift */,
			);
			path = Extensions;
			sourceTree = "<group>";
		};
		746A1EA92F853E2E0076A047 /* Models */ = {
			isa = PBXGroup;
			children = (
				746A1EA82F853E2E0076A047 /* PeakModels.swift */,
			);
			path = Models;
			sourceTree = "<group>";
		};
		746A1EAC2F853E2E0076A047 /* Utilities */ = {
			isa = PBXGroup;
			children = (
				746A1EAA2F853E2E0076A047 /* DateFormatting.swift */,
				746A1EAB2F853E2E0076A047 /* PeakExternalLink.swift */,
			);
			path = Utilities;
			sourceTree = "<group>";
		};
		746A1EAE2F853E2E0076A047 /* ViewModels */ = {
			isa = PBXGroup;
			children = (
				746A1EAD2F853E2E0076A047 /* PeakFlowViewModel.swift */,
			);
			path = ViewModels;
			sourceTree = "<group>";
		};
		746A1EB02F853E2E0076A047 /* Achievements */ = {
			isa = PBXGroup;
			children = (
				746A1EAF2F853E2E0076A047 /* AchievementsView.swift */,
			);
			path = Achievements;
			sourceTree = "<group>";
		};
		746A1EB32F853E2E0076A047 /* Ascents */ = {
			isa = PBXGroup;
			children = (
				746A1EB12F853E2E0076A047 /* AddAscentView.swift */,
				746A1EB22F853E2E0076A047 /* AscentDetailView.swift */,
			);
			path = Ascents;
			sourceTree = "<group>";
		};
		746A1EB42F853E2E0076A047 /* Dashboard */ = {
			isa = PBXGroup;
			children = (
			);
			path = Dashboard;
			sourceTree = "<group>";
		};
		746A1EB72F853E2E0076A047 /* Gear */ = {
			isa = PBXGroup;
			children = (
				746A1EB52F853E2E0076A047 /* AddGearView.swift */,
				746A1EB62F853E2E0076A047 /* GearView.swift */,
			);
			path = Gear;
			sourceTree = "<group>";
		};
		746A1EB92F853E2E0076A047 /* Home */ = {
			isa = PBXGroup;
			children = (
				746A1EB82F853E2E0076A047 /* HomeView.swift */,
			);
			path = Home;
			sourceTree = "<group>";
		};
		746A1EBD2F853E2E0076A047 /* Mountains */ = {
			isa = PBXGroup;
			children = (
				746A1EBA2F853E2E0076A047 /* AddMountainView.swift */,
				746A1EBB2F853E2E0076A047 /* MountainDetailView.swift */,
				746A1EBC2F853E2E0076A047 /* MountainsView.swift */,
			);
			path = Mountains;
			sourceTree = "<group>";
		};
		746A1EBF2F853E2E0076A047 /* Onboarding */ = {
			isa = PBXGroup;
			children = (
				746A1EBE2F853E2E0076A047 /* OnboardingView.swift */,
			);
			path = Onboarding;
			sourceTree = "<group>";
		};
		746A1EC12F853E2E0076A047 /* Settings */ = {
			isa = PBXGroup;
			children = (
				746A1EC02F853E2E0076A047 /* SettingsView.swift */,
			);
			path = Settings;
			sourceTree = "<group>";
		};
		746A1EC42F853E2E0076A047 /* Training */ = {
			isa = PBXGroup;
			children = (
				746A1EC22F853E2E0076A047 /* AddTrainingView.swift */,
				746A1EC32F853E2E0076A047 /* TrainingView.swift */,
			);
			path = Training;
			sourceTree = "<group>";
		};
		746A1EC52F853E2E0076A047 /* Views */ = {
			isa = PBXGroup;
			children = (
				746A1EB02F853E2E0076A047 /* Achievements */,
				746A1EB32F853E2E0076A047 /* Ascents */,
				746A1EB42F853E2E0076A047 /* Dashboard */,
				746A1EB72F853E2E0076A047 /* Gear */,
				746A1EB92F853E2E0076A047 /* Home */,
				746A1EBD2F853E2E0076A047 /* Mountains */,
				746A1EBF2F853E2E0076A047 /* Onboarding */,
				746A1EC12F853E2E0076A047 /* Settings */,
				746A1EC42F853E2E0076A047 /* Training */,
			);
			path = Views;
			sourceTree = "<group>";
		};
		746A1ED02F853E2E0076A047 /* 114PeakFlow */ = {
			isa = PBXGroup;
			children = (
				746A1EA32F853E2E0076A047 /* Components */,
				746A1EA72F853E2E0076A047 /* Extensions */,
				746A1EA92F853E2E0076A047 /* Models */,
				746A1EAC2F853E2E0076A047 /* Utilities */,
				746A1EAE2F853E2E0076A047 /* ViewModels */,
				746A1EC52F853E2E0076A047 /* Views */,
				746A1EC62F853E2E0076A047 /* AppDelegate.swift */,
				746A1EC72F853E2E0076A047 /* Assets.xcassets */,
				746A1EC82F853E2E0076A047 /* ContentView.swift */,
				746A1EC92F853E2E0076A047 /* Info.plist */,
				746A1ECB2F853E2E0076A047 /* LaunchScreen.storyboard */,
				746A1ECD2F853E2E0076A047 /* Main.storyboard */,
				746A1ECE2F853E2E0076A047 /* SceneDelegate.swift */,
				746A1ECF2F853E2E0076A047 /* ViewController.swift */,
				30CB350D2F8CE6F200699281 /* Router */,
			);
			path = 114PeakFlow;
			sourceTree = "<group>";
		};
/* End PBXGroup section */

/* Begin PBXNativeTarget section */
		746A0B062F814E1B0076A047 /* 114PeakFlow */ = {
			isa = PBXNativeTarget;
			buildConfigurationList = 746A0B1A2F814E1D0076A047 /* Build configuration list for PBXNativeTarget "114PeakFlow" */;
			buildPhases = (
				1F67CDBB090E11FC7D60D272 /* [CP] Check Pods Manifest.lock */,
				746A0B032F814E1B0076A047 /* Sources */,
				746A0B042F814E1B0076A047 /* Frameworks */,
				746A0B052F814E1B0076A047 /* Resources */,
			);
			buildRules = (
			);
			dependencies = (
			);
			name = 114PeakFlow;
			productName = 114PeakFlow;
			productReference = 746A0B072F814E1B0076A047 /* 114PeakFlow.app */;
			productType = "com.apple.product-type.application";
		};
/* End PBXNativeTarget section */

/* Begin PBXProject section */
		746A0AFF2F814E1B0076A047 /* Project object */ = {
			isa = PBXProject;
			attributes = {
				BuildIndependentTargetsInParallel = 1;
				LastSwiftUpdateCheck = 2620;
				LastUpgradeCheck = 2620;
				TargetAttributes = {
					746A0B062F814E1B0076A047 = {
						CreatedOnToolsVersion = 26.2;
					};
				};
			};
			buildConfigurationList = 746A0B022F814E1B0076A047 /* Build configuration list for PBXProject "114PeakFlow" */;
			compatibilityVersion = "Xcode 15.0";
			developmentRegion = en;
			hasScannedForEncodings = 0;
			knownRegions = (
				en,
				Base,
			);
			mainGroup = 746A0AFE2F814E1B0076A047;
			productRefGroup = 746A0B082F814E1B0076A047 /* Products */;
			projectDirPath = "";
			projectRoot = "";
			targets = (
				746A0B062F814E1B0076A047 /* 114PeakFlow */,
			);
		};
/* End PBXProject section */

/* Begin PBXResourcesBuildPhase section */
		746A0B052F814E1B0076A047 /* Resources */ = {
			isa = PBXResourcesBuildPhase;
			buildActionMask = 2147483647;
			files = (
				746A1ED12F853E2E0076A047 /* Assets.xcassets in Resources */,
				746A1ED32F853E2E0076A047 /* LaunchScreen.storyboard in Resources */,
				746A1ED42F853E2E0076A047 /* Main.storyboard in Resources */,
			);
			runOnlyForDeploymentPostprocessing = 0;
		};
/* End PBXResourcesBuildPhase section */

/* Begin PBXShellScriptBuildPhase section */
		1F67CDBB090E11FC7D60D272 /* [CP] Check Pods Manifest.lock */ = {
			isa = PBXShellScriptBuildPhase;
			buildActionMask = 2147483647;
			files = (
			);
			inputFileListPaths = (
			);
			inputPaths = (
				"${PODS_PODFILE_DIR_PATH}/Podfile.lock",
				"${PODS_ROOT}/Manifest.lock",
			);
			name = "[CP] Check Pods Manifest.lock";
			outputFileListPaths = (
			);
			outputPaths = (
				"$(DERIVED_FILE_DIR)/Pods-114PeakFlow-checkManifestLockResult.txt",
			);
			runOnlyForDeploymentPostprocessing = 0;
			shellPath = /bin/sh;
			shellScript = "diff \"${PODS_PODFILE_DIR_PATH}/Podfile.lock\" \"${PODS_ROOT}/Manifest.lock\" > /dev/null\nif [ $? != 0 ] ; then\n    # print error to STDERR\n    echo \"error: The sandbox is not in sync with the Podfile.lock. Run 'pod install' or update your CocoaPods installation.\" >&2\n    exit 1\nfi\n# This output is used by Xcode 'outputs' to avoid re-running this script phase.\necho \"SUCCESS\" > \"${SCRIPT_OUTPUT_FILE_0}\"\n";
			showEnvVarsInLog = 0;
		};
/* End PBXShellScriptBuildPhase section */

/* Begin PBXSourcesBuildPhase section */
		746A0B032F814E1B0076A047 /* Sources */ = {
			isa = PBXSourcesBuildPhase;
			buildActionMask = 2147483647;
			files = (
				746A1ED52F853E2E0076A047 /* AchievementCard.swift in Sources */,
				746A1ED62F853E2E0076A047 /* AscentCard.swift in Sources */,
				746A1ED72F853E2E0076A047 /* FilterChip.swift in Sources */,
				746A1ED82F853E2E0076A047 /* GearRow.swift in Sources */,
				746A1ED92F853E2E0076A047 /* MountainCard.swift in Sources */,
				746A1EDA2F853E2E0076A047 /* TrainingCard.swift in Sources */,
				746A1EDB2F853E2E0076A047 /* Color+Peak.swift in Sources */,
				746A1EDC2F853E2E0076A047 /* PeakVisualStyle.swift in Sources */,
				746A1EDD2F853E2E0076A047 /* View+PeakForm.swift in Sources */,
				746A1EDE2F853E2E0076A047 /* PeakModels.swift in Sources */,
				30CB350E2F8CE6F200699281 /* PersistenceManager.swift in Sources */,
				30CB350F2F8CE6F200699281 /* SaveService.swift in Sources */,
				30CB35102F8CE6F200699281 /* AppRouter.swift in Sources */,
				30CB35112F8CE6F200699281 /* PrivacyWebView.swift in Sources */,
				30CB35122F8CE6F200699281 /* StartMainView.swift in Sources */,
				746A1EDF2F853E2E0076A047 /* DateFormatting.swift in Sources */,
				746A1EE02F853E2E0076A047 /* PeakExternalLink.swift in Sources */,
				746A1EE12F853E2E0076A047 /* PeakFlowViewModel.swift in Sources */,
				746A1EE22F853E2E0076A047 /* AchievementsView.swift in Sources */,
				746A1EE32F853E2E0076A047 /* AddAscentView.swift in Sources */,
				746A1EE42F853E2E0076A047 /* AscentDetailView.swift in Sources */,
				746A1EE52F853E2E0076A047 /* AddGearView.swift in Sources */,
				746A1EE62F853E2E0076A047 /* GearView.swift in Sources */,
				746A1EE72F853E2E0076A047 /* HomeView.swift in Sources */,
				746A1EE82F853E2E0076A047 /* AddMountainView.swift in Sources */,
				746A1EE92F853E2E0076A047 /* MountainDetailView.swift in Sources */,
				746A1EEA2F853E2E0076A047 /* MountainsView.swift in Sources */,
				746A1EEB2F853E2E0076A047 /* OnboardingView.swift in Sources */,
				746A1EEC2F853E2E0076A047 /* SettingsView.swift in Sources */,
				746A1EED2F853E2E0076A047 /* AddTrainingView.swift in Sources */,
				746A1EEE2F853E2E0076A047 /* TrainingView.swift in Sources */,
				746A1EEF2F853E2E0076A047 /* AppDelegate.swift in Sources */,
				746A1EF02F853E2E0076A047 /* ContentView.swift in Sources */,
				746A1EF12F853E2E0076A047 /* SceneDelegate.swift in Sources */,
				746A1EF22F853E2E0076A047 /* ViewController.swift in Sources */,
			);
			runOnlyForDeploymentPostprocessing = 0;
		};
/* End PBXSourcesBuildPhase section */

/* Begin PBXVariantGroup section */
		746A1ECB2F853E2E0076A047 /* LaunchScreen.storyboard */ = {
			isa = PBXVariantGroup;
			children = (
				746A1ECA2F853E2E0076A047 /* Base */,
			);
			name = LaunchScreen.storyboard;
			sourceTree = "<group>";
		};
		746A1ECD2F853E2E0076A047 /* Main.storyboard */ = {
			isa = PBXVariantGroup;
			children = (
				746A1ECC2F853E2E0076A047 /* Base */,
			);
			name = Main.storyboard;
			sourceTree = "<group>";
		};
/* End PBXVariantGroup section */

/* Begin XCBuildConfiguration section */
		746A0B1B2F814E1D0076A047 /* Debug */ = {
			isa = XCBuildConfiguration;
			baseConfigurationReference = AFD7C68C43368811573831DF /* Pods-114PeakFlow.debug.xcconfig */;
			buildSettings = {
				ASSETCATALOG_COMPILER_APPICON_NAME = AppIcon;
				ASSETCATALOG_COMPILER_GLOBAL_ACCENT_COLOR_NAME = AccentColor;
				CODE_SIGN_STYLE = Automatic;
				CURRENT_PROJECT_VERSION = 1;
				GENERATE_INFOPLIST_FILE = YES;
				INFOPLIST_FILE = 114PeakFlow/Info.plist;
				INFOPLIST_KEY_CFBundleDisplayName = "PeakFlow: Adventure";
				INFOPLIST_KEY_UIApplicationSupportsIndirectInputEvents = YES;
				INFOPLIST_KEY_UILaunchStoryboardName = LaunchScreen;
				INFOPLIST_KEY_UIMainStoryboardFile = Main;
				INFOPLIST_KEY_UISupportedInterfaceOrientations = UIInterfaceOrientationPortrait;
				INFOPLIST_KEY_UISupportedInterfaceOrientations_iPad = "UIInterfaceOrientationLandscapeLeft UIInterfaceOrientationLandscapeRight UIInterfaceOrientationPortrait UIInterfaceOrientationPortraitUpsideDown";
				IPHONEOS_DEPLOYMENT_TARGET = 16.6;
				LD_RUNPATH_SEARCH_PATHS = (
					"$(inherited)",
					"@executable_path/Frameworks",
				);
				MARKETING_VERSION = 1.2;
				PRODUCT_BUNDLE_IDENTIFIER = com.sha.p34kfl0w4dv;
				PRODUCT_NAME = "$(TARGET_NAME)";
				STRING_CATALOG_GENERATE_SYMBOLS = YES;
				SUPPORTED_PLATFORMS = "iphoneos iphonesimulator";
				SUPPORTS_MACCATALYST = NO;
				SUPPORTS_MAC_DESIGNED_FOR_IPHONE_IPAD = NO;
				SUPPORTS_XR_DESIGNED_FOR_IPHONE_IPAD = NO;
				SWIFT_APPROACHABLE_CONCURRENCY = YES;
				SWIFT_DEFAULT_ACTOR_ISOLATION = MainActor;
				SWIFT_EMIT_LOC_STRINGS = YES;
				SWIFT_UPCOMING_FEATURE_MEMBER_IMPORT_VISIBILITY = YES;
				SWIFT_VERSION = 5.0;
				TARGETED_DEVICE_FAMILY = 1;
			};
			name = Debug;
		};
		746A0B1C2F814E1D0076A047 /* Release */ = {
			isa = XCBuildConfiguration;
			baseConfigurationReference = 595FDFC3C42618BAE68BF795 /* Pods-114PeakFlow.release.xcconfig */;
			buildSettings = {
				ASSETCATALOG_COMPILER_APPICON_NAME = AppIcon;
				ASSETCATALOG_COMPILER_GLOBAL_ACCENT_COLOR_NAME = AccentColor;
				CODE_SIGN_STYLE = Automatic;
				CURRENT_PROJECT_VERSION = 1;
				GENERATE_INFOPLIST_FILE = YES;
				INFOPLIST_FILE = 114PeakFlow/Info.plist;
				INFOPLIST_KEY_CFBundleDisplayName = "PeakFlow: Adventure";
				INFOPLIST_KEY_UIApplicationSupportsIndirectInputEvents = YES;
				INFOPLIST_KEY_UILaunchStoryboardName = LaunchScreen;
				INFOPLIST_KEY_UIMainStoryboardFile = Main;
				INFOPLIST_KEY_UISupportedInterfaceOrientations = UIInterfaceOrientationPortrait;
				INFOPLIST_KEY_UISupportedInterfaceOrientations_iPad = "UIInterfaceOrientationLandscapeLeft UIInterfaceOrientationLandscapeRight UIInterfaceOrientationPortrait UIInterfaceOrientationPortraitUpsideDown";
				IPHONEOS_DEPLOYMENT_TARGET = 16.6;
				LD_RUNPATH_SEARCH_PATHS = (
					"$(inherited)",
					"@executable_path/Frameworks",
				);
				MARKETING_VERSION = 1.2;
				PRODUCT_BUNDLE_IDENTIFIER = com.sha.p34kfl0w4dv;
				PRODUCT_NAME = "$(TARGET_NAME)";
				STRING_CATALOG_GENERATE_SYMBOLS = YES;
				SUPPORTED_PLATFORMS = "iphoneos iphonesimulator";
				SUPPORTS_MACCATALYST = NO;
				SUPPORTS_MAC_DESIGNED_FOR_IPHONE_IPAD = NO;
				SUPPORTS_XR_DESIGNED_FOR_IPHONE_IPAD = NO;
				SWIFT_APPROACHABLE_CONCURRENCY = YES;
				SWIFT_DEFAULT_ACTOR_ISOLATION = MainActor;
				SWIFT_EMIT_LOC_STRINGS = YES;
				SWIFT_UPCOMING_FEATURE_MEMBER_IMPORT_VISIBILITY = YES;
				SWIFT_VERSION = 5.0;
				TARGETED_DEVICE_FAMILY = 1;
			};
			name = Release;
		};
		746A0B1D2F814E1D0076A047 /* Debug */ = {
			isa = XCBuildConfiguration;
			buildSettings = {
				ALWAYS_SEARCH_USER_PATHS = NO;
				ASSETCATALOG_COMPILER_GENERATE_SWIFT_ASSET_SYMBOL_EXTENSIONS = YES;
				CLANG_ANALYZER_NONNULL = YES;
				CLANG_ANALYZER_NUMBER_OBJECT_CONVERSION = YES_AGGRESSIVE;
				CLANG_CXX_LANGUAGE_STANDARD = "gnu++20";
				CLANG_ENABLE_MODULES = YES;
				CLANG_ENABLE_OBJC_ARC = YES;
				CLANG_ENABLE_OBJC_WEAK = YES;
				CLANG_WARN_BLOCK_CAPTURE_AUTORELEASING = YES;
				CLANG_WARN_BOOL_CONVERSION = YES;
				CLANG_WARN_COMMA = YES;
				CLANG_WARN_CONSTANT_CONVERSION = YES;
				CLANG_WARN_DEPRECATED_OBJC_IMPLEMENTATIONS = YES;
				CLANG_WARN_DIRECT_OBJC_ISA_USAGE = YES_ERROR;
				CLANG_WARN_DOCUMENTATION_COMMENTS = YES;
				CLANG_WARN_EMPTY_BODY = YES;
				CLANG_WARN_ENUM_CONVERSION = YES;
				CLANG_WARN_INFINITE_RECURSION = YES;
				CLANG_WARN_INT_CONVERSION = YES;
				CLANG_WARN_NON_LITERAL_NULL_CONVERSION = YES;
				CLANG_WARN_OBJC_IMPLICIT_RETAIN_SELF = YES;
				CLANG_WARN_OBJC_LITERAL_CONVERSION = YES;
				CLANG_WARN_OBJC_ROOT_CLASS = YES_ERROR;
				CLANG_WARN_QUOTED_INCLUDE_IN_FRAMEWORK_HEADER = YES;
				CLANG_WARN_RANGE_LOOP_ANALYSIS = YES;
				CLANG_WARN_STRICT_PROTOTYPES = YES;
				CLANG_WARN_SUSPICIOUS_MOVE = YES;
				CLANG_WARN_UNGUARDED_AVAILABILITY = YES_AGGRESSIVE;
				CLANG_WARN_UNREACHABLE_CODE = YES;
				CLANG_WARN__DUPLICATE_METHOD_MATCH = YES;
				COPY_PHASE_STRIP = NO;
				DEBUG_INFORMATION_FORMAT = dwarf;
				ENABLE_STRICT_OBJC_MSGSEND = YES;
				ENABLE_TESTABILITY = YES;
				ENABLE_USER_SCRIPT_SANDBOXING = YES;
				GCC_C_LANGUAGE_STANDARD = gnu17;
				GCC_DYNAMIC_NO_PIC = NO;
				GCC_NO_COMMON_BLOCKS = YES;
				GCC_OPTIMIZATION_LEVEL = 0;
				GCC_PREPROCESSOR_DEFINITIONS = (
					"DEBUG=1",
					"$(inherited)",
				);
				GCC_WARN_64_TO_32_BIT_CONVERSION = YES;
				GCC_WARN_ABOUT_RETURN_TYPE = YES_ERROR;
				GCC_WARN_UNDECLARED_SELECTOR = YES;
				GCC_WARN_UNINITIALIZED_AUTOS = YES_AGGRESSIVE;
				GCC_WARN_UNUSED_FUNCTION = YES;
				GCC_WARN_UNUSED_VARIABLE = YES;
				IPHONEOS_DEPLOYMENT_TARGET = 26.2;
				LOCALIZATION_PREFERS_STRING_CATALOGS = YES;
				MTL_ENABLE_DEBUG_INFO = INCLUDE_SOURCE;
				MTL_FAST_MATH = YES;
				ONLY_ACTIVE_ARCH = YES;
				SDKROOT = iphoneos;
				SWIFT_ACTIVE_COMPILATION_CONDITIONS = "DEBUG $(inherited)";
				SWIFT_OPTIMIZATION_LEVEL = "-Onone";
			};
			name = Debug;
		};
		746A0B1E2F814E1D0076A047 /* Release */ = {
			isa = XCBuildConfiguration;
			buildSettings = {
				ALWAYS_SEARCH_USER_PATHS = NO;
				ASSETCATALOG_COMPILER_GENERATE_SWIFT_ASSET_SYMBOL_EXTENSIONS = YES;
				CLANG_ANALYZER_NONNULL = YES;
				CLANG_ANALYZER_NUMBER_OBJECT_CONVERSION = YES_AGGRESSIVE;
				CLANG_CXX_LANGUAGE_STANDARD = "gnu++20";
				CLANG_ENABLE_MODULES = YES;
				CLANG_ENABLE_OBJC_ARC = YES;
				CLANG_ENABLE_OBJC_WEAK = YES;
				CLANG_WARN_BLOCK_CAPTURE_AUTORELEASING = YES;
				CLANG_WARN_BOOL_CONVERSION = YES;
				CLANG_WARN_COMMA = YES;
				CLANG_WARN_CONSTANT_CONVERSION = YES;
				CLANG_WARN_DEPRECATED_OBJC_IMPLEMENTATIONS = YES;
				CLANG_WARN_DIRECT_OBJC_ISA_USAGE = YES_ERROR;
				CLANG_WARN_DOCUMENTATION_COMMENTS = YES;
				CLANG_WARN_EMPTY_BODY = YES;
				CLANG_WARN_ENUM_CONVERSION = YES;
				CLANG_WARN_INFINITE_RECURSION = YES;
				CLANG_WARN_INT_CONVERSION = YES;
				CLANG_WARN_NON_LITERAL_NULL_CONVERSION = YES;
				CLANG_WARN_OBJC_IMPLICIT_RETAIN_SELF = YES;
				CLANG_WARN_OBJC_LITERAL_CONVERSION = YES;
				CLANG_WARN_OBJC_ROOT_CLASS = YES_ERROR;
				CLANG_WARN_QUOTED_INCLUDE_IN_FRAMEWORK_HEADER = YES;
				CLANG_WARN_RANGE_LOOP_ANALYSIS = YES;
				CLANG_WARN_STRICT_PROTOTYPES = YES;
				CLANG_WARN_SUSPICIOUS_MOVE = YES;
				CLANG_WARN_UNGUARDED_AVAILABILITY = YES_AGGRESSIVE;
				CLANG_WARN_UNREACHABLE_CODE = YES;
				CLANG_WARN__DUPLICATE_METHOD_MATCH = YES;
				COPY_PHASE_STRIP = NO;
				DEBUG_INFORMATION_FORMAT = "dwarf-with-dsym";
				ENABLE_NS_ASSERTIONS = NO;
				ENABLE_STRICT_OBJC_MSGSEND = YES;
				ENABLE_USER_SCRIPT_SANDBOXING = YES;
				GCC_C_LANGUAGE_STANDARD = gnu17;
				GCC_NO_COMMON_BLOCKS = YES;
				GCC_WARN_64_TO_32_BIT_CONVERSION = YES;
				GCC_WARN_ABOUT_RETURN_TYPE = YES_ERROR;
				GCC_WARN_UNDECLARED_SELECTOR = YES;
				GCC_WARN_UNINITIALIZED_AUTOS = YES_AGGRESSIVE;
				GCC_WARN_UNUSED_FUNCTION = YES;
				GCC_WARN_UNUSED_VARIABLE = YES;
				IPHONEOS_DEPLOYMENT_TARGET = 26.2;
				LOCALIZATION_PREFERS_STRING_CATALOGS = YES;
				MTL_ENABLE_DEBUG_INFO = NO;
				MTL_FAST_MATH = YES;
				SDKROOT = iphoneos;
				SWIFT_COMPILATION_MODE = wholemodule;
				VALIDATE_PRODUCT = YES;
			};
			name = Release;
		};
/* End XCBuildConfiguration section */

/* Begin XCConfigurationList section */
		746A0B022F814E1B0076A047 /* Build configuration list for PBXProject "114PeakFlow" */ = {
			isa = XCConfigurationList;
			buildConfigurations = (
				746A0B1D2F814E1D0076A047 /* Debug */,
				746A0B1E2F814E1D0076A047 /* Release */,
			);
			defaultConfigurationIsVisible = 0;
			defaultConfigurationName = Release;
		};
		746A0B1A2F814E1D0076A047 /* Build configuration list for PBXNativeTarget "114PeakFlow" */ = {
			isa = XCConfigurationList;
			buildConfigurations = (
				746A0B1B2F814E1D0076A047 /* Debug */,
				746A0B1C2F814E1D0076A047 /* Release */,
			);
			defaultConfigurationIsVisible = 0;
			defaultConfigurationName = Release;
		};
/* End XCConfigurationList section */
	};
	rootObject = 746A0AFF2F814E1B0076A047 /* Project object */;
}
